<?xml version="1.0" encoding="utf-8"?>
<Project ToolsVersion="4.0" xmlns="http://schemas.microsoft.com/developer/msbuild/2003">
  <ItemGroup>
    <ClCompile Include="data_mgr.cpp" />
    <ClCompile Include="GameLogic.cpp" />
    <ClCompile Include="load_json_files.cpp" />
    <ClCompile Include="RXTServer.cpp" />
    <ClCompile Include="stage_enemy_info.cpp" />
    <ClCompile Include="stdafx.cpp" />
    <ClCompile Include="svr_logger.cpp" />
    <ClCompile Include="User.cpp" />
    <ClCompile Include="entity_factory.cpp" />
    <ClCompile Include="obj_mgr.cpp" />
    <ClCompile Include="resource_mgr.cpp" />
    <ClCompile Include="game_room_mgr.cpp" />
    <ClCompile Include="game_room.cpp" />
  </ItemGroup>
  <ItemGroup>
    <ClInclude Include="Acceptor.h" />
    <ClInclude Include="data_mgr.h" />
    <ClInclude Include="GameLogic.h" />
    <ClInclude Include="load_json_files.h" />
    <ClInclude Include="NetworkService.h" />
    <ClInclude Include="PacketInfo.h" />
    <ClInclude Include="Session.h" />
    <ClInclude Include="SessionManager.h" />
    <ClInclude Include="stage_enemy_info.h" />
    <ClInclude Include="stdafx.h" />
    <ClInclude Include="svr_logger.h" />
    <ClInclude Include="targetver.h" />
    <ClInclude Include="User.h" />
    <ClInclude Include="UserManager.h" />
    <ClInclude Include="entity_factory.h" />
    <ClInclude Include="obj_mgr.h" />
    <ClInclude Include="resource_mgr.h" />
    <ClInclude Include="game_room_mgr.h" />
    <ClInclude Include="game_room.h" />
  </ItemGroup>
  <ItemGroup>
    <Text Include="ReadMe.txt" />
  </ItemGroup>
</Project>